<?xml version="1.0" encoding="utf-8"?>
<Project ToolsVersion="17.0" xmlns="http://schemas.microsoft.com/developer/msbuild/2003">
  <ItemGroup>
    <CustomBuild Include="C:\Users\1\Desktop\huidong\UnityProject\Study\Box2D\box2d_unity\build\CMakeFiles\58f56e38e250596aac71650de70d0de3\INSTALL_force.rule">
      <Filter>CMake Rules</Filter>
    </CustomBuild>
  </ItemGroup>
  <ItemGroup>
    <Filter Include="CMake Rules">
      <UniqueIdentifier>{38FEABBB-B1EB-30D5-B7AB-57713A266AF9}</UniqueIdentifier>
    </Filter>
  </ItemGroup>
</Project>
